// !$*UTF8*$!
{
	archiveVersion = 1;
	classes = {
	};
	objectVersion = 46;
	objects = {

/* Begin PBXBuildFile section */
		D321A7441E8F9C03003DC95E /* Constants.swift in Sources */ = {isa = PBXBuildFile; fileRef = D321A7431E8F9C03003DC95E /* Constants.swift */; };
		D39ED82A1E8F597100DFD03E /* AppDelegate.swift in Sources */ = {isa = PBXBuildFile; fileRef = D39ED8291E8F597100DFD03E /* AppDelegate.swift */; };
		D39ED82C1E8F597100DFD03E /* WeatherVC.swift in Sources */ = {isa = PBXBuildFile; fileRef = D39ED82B1E8F597100DFD03E /* WeatherVC.swift */; };
		D39ED82F1E8F597100DFD03E /* Main.storyboard in Resources */ = {isa = PBXBuildFile; fileRef = D39ED82D1E8F597100DFD03E /* Main.storyboard */; };
		D39ED8311E8F597100DFD03E /* Assets.xcassets in Resources */ = {isa = PBXBuildFile; fileRef = D39ED8301E8F597100DFD03E /* Assets.xcassets */; };
		D39ED8341E8F597100DFD03E /* LaunchScreen.storyboard in Resources */ = {isa = PBXBuildFile; fileRef = D39ED8321E8F597100DFD03E /* LaunchScreen.storyboard */; };
		D3FE799E1E8F9DD800BBEF38 /* CurrentWeather.swift in Sources */ = {isa = PBXBuildFile; fileRef = D3FE799D1E8F9DD800BBEF38 /* CurrentWeather.swift */; };
		F988A37C07EBCF78FECC4FBB /* Pods_WeatherApp.framework in Frameworks */ = {isa = PBXBuildFile; fileRef = 028A3D52F193B99BEA5FB029 /* Pods_WeatherApp.framework */; };
/* End PBXBuildFile section */

/* Begin PBXFileReference section */
		028A3D52F193B99BEA5FB029 /* Pods_WeatherApp.framework */ = {isa = PBXFileReference; explicitFileType = wrapper.framework; includeInIndex = 0; path = Pods_WeatherApp.framework; sourceTree = BUILT_PRODUCTS_DIR; };
		94D34A17B6B000F854B9F8D0 /* Pods-WeatherApp.release.xcconfig */ = {isa = PBXFileReference; includeInIndex = 1; lastKnownFileType = text.xcconfig; name = "Pods-WeatherApp.release.xcconfig"; path = "Pods/Target Support Files/Pods-WeatherApp/Pods-WeatherApp.release.xcconfig"; sourceTree = "<group>"; };
		CF47DC683C8F2C5E49BC89C0 /* Pods-WeatherApp.debug.xcconfig */ = {isa = PBXFileReference; includeInIndex = 1; lastKnownFileType = text.xcconfig; name = "Pods-WeatherApp.debug.xcconfig"; path = "Pods/Target Support Files/Pods-WeatherApp/Pods-WeatherApp.debug.xcconfig"; sourceTree = "<group>"; };
		D321A7431E8F9C03003DC95E /* Constants.swift */ = {isa = PBXFileReference; fileEncoding = 4; lastKnownFileType = sourcecode.swift; path = Constants.swift; sourceTree = "<group>"; };
		D39ED8261E8F597100DFD03E /* WeatherApp.app */ = {isa = PBXFileReference; explicitFileType = wrapper.application; includeInIndex = 0; path = WeatherApp.app; sourceTree = BUILT_PRODUCTS_DIR; };
		D39ED8291E8F597100DFD03E /* AppDelegate.swift */ = {isa = PBXFileReference; lastKnownFileType = sourcecode.swift; path = AppDelegate.swift; sourceTree = "<group>"; };
		D39ED82B1E8F597100DFD03E /* WeatherVC.swift */ = {isa = PBXFileReference; lastKnownFileType = sourcecode.swift; path = WeatherVC.swift; sourceTree = "<group>"; };
		D39ED82E1E8F597100DFD03E /* Base */ = {isa = PBXFileReference; lastKnownFileType = file.storyboard; name = Base; path = Base.lproj/Main.storyboard; sourceTree = "<group>"; };
		D39ED8301E8F597100DFD03E /* Assets.xcassets */ = {isa = PBXFileReference; lastKnownFileType = folder.assetcatalog; path = Assets.xcassets; sourceTree = "<group>"; };
		D39ED8331E8F597100DFD03E /* Base */ = {isa = PBXFileReference; lastKnownFileType = file.storyboard; name = Base; path = Base.lproj/LaunchScreen.storyboard; sourceTree = "<group>"; };
		D39ED8351E8F597100DFD03E /* Info.plist */ = {isa = PBXFileReference; lastKnownFileType = text.plist.xml; path = Info.plist; sourceTree = "<group>"; };
		D3FE799D1E8F9DD800BBEF38 /* CurrentWeather.swift */ = {isa = PBXFileReference; fileEncoding = 4; lastKnownFileType = sourcecode.swift; name = CurrentWeather.swift; path = ../CurrentWeather.swift; sourceTree = "<group>"; };
/* End PBXFileReference section */

/* Begin PBXFrameworksBuildPhase section */
		D39ED8231E8F597100DFD03E /* Frameworks */ = {
			isa = PBXFrameworksBuildPhase;
			buildActionMask = 2147483647;
			files = (
				F988A37C07EBCF78FECC4FBB /* Pods_WeatherApp.framework in Frameworks */,
			);
			runOnlyForDeploymentPostprocessing = 0;
		};
/* End PBXFrameworksBuildPhase section */

/* Begin PBXGroup section */
		3763F48D55DF0A61A88F289A /* Pods */ = {
			isa = PBXGroup;
			children = (
				CF47DC683C8F2C5E49BC89C0 /* Pods-WeatherApp.debug.xcconfig */,
				94D34A17B6B000F854B9F8D0 /* Pods-WeatherApp.release.xcconfig */,
			);
			name = Pods;
			sourceTree = "<group>";
		};
		AB63BA4BFBB6FAB58A726B1B /* Frameworks */ = {
			isa = PBXGroup;
			children = (
				028A3D52F193B99BEA5FB029 /* Pods_WeatherApp.framework */,
			);
			name = Frameworks;
			sourceTree = "<group>";
		};
		D39ED81D1E8F597100DFD03E = {
			isa = PBXGroup;
			children = (
				D39ED8281E8F597100DFD03E /* WeatherApp */,
				D39ED8271E8F597100DFD03E /* Products */,
				3763F48D55DF0A61A88F289A /* Pods */,
				AB63BA4BFBB6FAB58A726B1B /* Frameworks */,
			);
			sourceTree = "<group>";
		};
		D39ED8271E8F597100DFD03E /* Products */ = {
			isa = PBXGroup;
			children = (
				D39ED8261E8F597100DFD03E /* WeatherApp.app */,
			);
			name = Products;
			sourceTree = "<group>";
		};
		D39ED8281E8F597100DFD03E /* WeatherApp */ = {
			isa = PBXGroup;
			children = (
				D39ED8291E8F597100DFD03E /* AppDelegate.swift */,
				D39ED82B1E8F597100DFD03E /* WeatherVC.swift */,
				D321A7431E8F9C03003DC95E /* Constants.swift */,
				D3FE799D1E8F9DD800BBEF38 /* CurrentWeather.swift */,
				D39ED82D1E8F597100DFD03E /* Main.storyboard */,
				D39ED8301E8F597100DFD03E /* Assets.xcassets */,
				D39ED8321E8F597100DFD03E /* LaunchScreen.storyboard */,
				D39ED8351E8F597100DFD03E /* Info.plist */,
			);
			path = WeatherApp;
			sourceTree = "<group>";
		};
/* End PBXGroup section */

/* Begin PBXNativeTarget section */
		D39ED8251E8F597100DFD03E /* WeatherApp */ = {
			isa = PBXNativeTarget;
			buildConfigurationList = D39ED8381E8F597100DFD03E /* Build configuration list for PBXNativeTarget "WeatherApp" */;
			buildPhases = (
				64EFB1D7123E2931C4ED3214 /* [CP] Check Pods Manifest.lock */,
				D39ED8221E8F597100DFD03E /* Sources */,
				D39ED8231E8F597100DFD03E /* Frameworks */,
				D39ED8241E8F597100DFD03E /* Resources */,
				BCC0208288049BF4C6C53B0C /* [CP] Embed Pods Frameworks */,
				FED23D895AF810727668E5D7 /* [CP] Copy Pods Resources */,
			);
			buildRules = (
			);
			dependencies = (
			);
			name = WeatherApp;
			productName = WeatherApp;
			productReference = D39ED8261E8F597100DFD03E /* WeatherApp.app */;
			productType = "com.apple.product-type.application";
		};
/* End PBXNativeTarget section */

/* Begin PBXProject section */
		D39ED81E1E8F597100DFD03E /* Project object */ = {
			isa = PBXProject;
			attributes = {
				LastSwiftUpdateCheck = 0830;
				LastUpgradeCheck = 0830;
				ORGANIZATIONNAME = TorchFire;
				TargetAttributes = {
					D39ED8251E8F597100DFD03E = {
						CreatedOnToolsVersion = 8.3;
						DevelopmentTeam = 2NBRDJWWYJ;
						ProvisioningStyle = Automatic;
					};
				};
			};
			buildConfigurationList = D39ED8211E8F597100DFD03E /* Build configuration list for PBXProject "WeatherApp" */;
			compatibilityVersion = "Xcode 3.2";
			developmentRegion = English;
			hasScannedForEncodings = 0;
			knownRegions = (
				en,
				Base,
			);
			mainGroup = D39ED81D1E8F597100DFD03E;
			productRefGroup = D39ED8271E8F597100DFD03E /* Products */;
			projectDirPath = "";
			projectRoot = "";
			targets = (
				D39ED8251E8F597100DFD03E /* WeatherApp */,
			);
		};
/* End PBXProject section */

/* Begin PBXResourcesBuildPhase section */
		D39ED8241E8F597100DFD03E /* Resources */ = {
			isa = PBXResourcesBuildPhase;
			buildActionMask = 2147483647;
			files = (
				D39ED8341E8F597100DFD03E /* LaunchScreen.storyboard in Resources */,
				D39ED8311E8F597100DFD03E /* Assets.xcassets in Resources */,
				D39ED82F1E8F597100DFD03E /* Main.storyboard in Resources */,
			);
			runOnlyForDeploymentPostprocessing = 0;
		};
/* End PBXResourcesBuildPhase section */

/* Begin PBXShellScriptBuildPhase section */
		64EFB1D7123E2931C4ED3214 /* [CP] Check Pods Manifest.lock */ = {
			isa = PBXShellScriptBuildPhase;
			buildActionMask = 2147483647;
			files = (
			);
			inputPaths = (
			);
			name = "[CP] Check Pods Manifest.lock";
			outputPaths = (
			);
			runOnlyForDeploymentPostprocessing = 0;
			shellPath = /bin/sh;
			shellScript = "diff \"${PODS_ROOT}/../Podfile.lock\" \"${PODS_ROOT}/Manifest.lock\" > /dev/null\nif [ $? != 0 ] ; then\n    # print error to STDERR\n    echo \"error: The sandbox is not in sync with the Podfile.lock. Run 'pod install' or update your CocoaPods installation.\" >&2\n    exit 1\nfi\n";
			showEnvVarsInLog = 0;
		};
		BCC0208288049BF4C6C53B0C /* [CP] Embed Pods Frameworks */ = {
			isa = PBXShellScriptBuildPhase;
			buildActionMask = 2147483647;
			files = (
			);
			inputPaths = (
			);
			name = "[CP] Embed Pods Frameworks";
			outputPaths = (
			);
			runOnlyForDeploymentPostprocessing = 0;
			shellPath = /bin/sh;
			shellScript = "\"${SRCROOT}/Pods/Target Support Files/Pods-WeatherApp/Pods-WeatherApp-frameworks.sh\"\n";
			showEnvVarsInLog = 0;
		};
		FED23D895AF810727668E5D7 /* [CP] Copy Pods Resources */ = {
			isa = PBXShellScriptBuildPhase;
			buildActionMask = 2147483647;
			files = (
			);
			inputPaths = (
			);
			name = "[CP] Copy Pods Resources";
			outputPaths = (
			);
			runOnlyForDeploymentPostprocessing = 0;
			shellPath = /bin/sh;
			shellScript = "\"${SRCROOT}/Pods/Target Support Files/Pods-WeatherApp/Pods-WeatherApp-resources.sh\"\n";
			showEnvVarsInLog = 0;
		};
/* End PBXShellScriptBuildPhase section */

/* Begin PBXSourcesBuildPhase section */
		D39ED8221E8F597100DFD03E /* Sources */ = {
			isa = PBXSourcesBuildPhase;
			buildActionMask = 2147483647;
			files = (
				D39ED82C1E8F597100DFD03E /* WeatherVC.swift in Sources */,
				D39ED82A1E8F597100DFD03E /* AppDelegate.swift in Sources */,
				D3FE799E1E8F9DD800BBEF38 /* CurrentWeather.swift in Sources */,
				D321A7441E8F9C03003DC95E /* Constants.swift in Sources */,
			);
			runOnlyForDeploymentPostprocessing = 0;
		};
/* End PBXSourcesBuildPhase section */

/* Begin PBXVariantGroup section */
		D39ED82D1E8F597100DFD03E /* Main.storyboard */ = {
			isa = PBXVariantGroup;
			children = (
				D39ED82E1E8F597100DFD03E /* Base */,
			);
			name = Main.storyboard;
			sourceTree = "<group>";
		};
		D39ED8321E8F597100DFD03E /* LaunchScreen.storyboard */ = {
			isa = PBXVariantGroup;
			children = (
				D39ED8331E8F597100DFD03E /* Base */,
			);
			name = LaunchScreen.storyboard;
			sourceTree = "<group>";
		};
/* End PBXVariantGroup section */

/* Begin XCBuildConfiguration section */
		D39ED8361E8F597100DFD03E /* Debug */ = {
			isa = XCBuildConfiguration;
			buildSettings = {
				ALWAYS_SEARCH_USER_PATHS = NO;
				CLANG_ANALYZER_NONNULL = YES;
				CLANG_ANALYZER_NUMBER_OBJECT_CONVERSION = YES_AGGRESSIVE;
				CLANG_CXX_LANGUAGE_STANDARD = "gnu++0x";
				CLANG_CXX_LIBRARY = "libc++";
				CLANG_ENABLE_MODULES = YES;
				CLANG_ENABLE_OBJC_ARC = YES;
				CLANG_WARN_BOOL_CONVERSION = YES;
				CLANG_WARN_CONSTANT_CONVERSION = YES;
				CLANG_WARN_DIRECT_OBJC_ISA_USAGE = YES_ERROR;
				CLANG_WARN_DOCUMENTATION_COMMENTS = YES;
				CLANG_WARN_EMPTY_BODY = YES;
				CLANG_WARN_ENUM_CONVERSION = YES;
				CLANG_WARN_INFINITE_RECURSION = YES;
				CLANG_WARN_INT_CONVERSION = YES;
				CLANG_WARN_OBJC_ROOT_CLASS = YES_ERROR;
				CLANG_WARN_SUSPICIOUS_MOVE = YES;
				CLANG_WARN_UNREACHABLE_CODE = YES;
				CLANG_WARN__DUPLICATE_METHOD_MATCH = YES;
				"CODE_SIGN_IDENTITY[sdk=iphoneos*]" = "iPhone Developer";
				COPY_PHASE_STRIP = NO;
				DEBUG_INFORMATION_FORMAT = dwarf;
				ENABLE_STRICT_OBJC_MSGSEND = YES;
				ENABLE_TESTABILITY = YES;
				GCC_C_LANGUAGE_STANDARD = gnu99;
				GCC_DYNAMIC_NO_PIC = NO;
				GCC_NO_COMMON_BLOCKS = YES;
				GCC_OPTIMIZATION_LEVEL = 0;
				GCC_PREPROCESSOR_DEFINITIONS = (
					"DEBUG=1",
					"$(inherited)",
				);
				GCC_WARN_64_TO_32_BIT_CONVERSION = YES;
				GCC_WARN_ABOUT_RETURN_TYPE = YES_ERROR;
				GCC_WARN_UNDECLARED_SELECTOR = YES;
				GCC_WARN_UNINITIALIZED_AUTOS = YES_AGGRESSIVE;
				GCC_WARN_UNUSED_FUNCTION = YES;
				GCC_WARN_UNUSED_VARIABLE = YES;
				IPHONEOS_DEPLOYMENT_TARGET = 10.3;
				MTL_ENABLE_DEBUG_INFO = YES;
				ONLY_ACTIVE_ARCH = YES;
				SDKROOT = iphoneos;
				SWIFT_ACTIVE_COMPILATION_CONDITIONS = DEBUG;
				SWIFT_OPTIMIZATION_LEVEL = "-Onone";
				TARGETED_DEVICE_FAMILY = "1,2";
			};
			name = Debug;
		};
		D39ED8371E8F597100DFD03E /* Release */ = {
			isa = XCBuildConfiguration;
			buildSettings = {
				ALWAYS_SEARCH_USER_PATHS = NO;
				CLANG_ANALYZER_NONNULL = YES;
				CLANG_ANALYZER_NUMBER_OBJECT_CONVERSION = YES_AGGRESSIVE;
				CLANG_CXX_LANGUAGE_STANDARD = "gnu++0x";
				CLANG_CXX_LIBRARY = "libc++";
				CLANG_ENABLE_MODULES = YES;
				CLANG_ENABLE_OBJC_ARC = YES;
				CLANG_WARN_BOOL_CONVERSION = YES;
				CLANG_WARN_CONSTANT_CONVERSION = YES;
				CLANG_WARN_DIRECT_OBJC_ISA_USAGE = YES_ERROR;
				CLANG_WARN_DOCUMENTATION_COMMENTS = YES;
				CLANG_WARN_EMPTY_BODY = YES;
				CLANG_WARN_ENUM_CONVERSION = YES;
				CLANG_WARN_INFINITE_RECURSION = YES;
				CLANG_WARN_INT_CONVERSION = YES;
				CLANG_WARN_OBJC_ROOT_CLASS = YES_ERROR;
				CLANG_WARN_SUSPICIOUS_MOVE = YES;
				CLANG_WARN_UNREACHABLE_CODE = YES;
				CLANG_WARN__DUPLICATE_METHOD_MATCH = YES;
				"CODE_SIGN_IDENTITY[sdk=iphoneos*]" = "iPhone Developer";
				COPY_PHASE_STRIP = NO;
				DEBUG_INFORMATION_FORMAT = "dwarf-with-dsym";
				ENABLE_NS_ASSERTIONS = NO;
				ENABLE_STRICT_OBJC_MSGSEND = YES;
				GCC_C_LANGUAGE_STANDARD = gnu99;
				GCC_NO_COMMON_BLOCKS = YES;
				GCC_WARN_64_TO_32_BIT_CONVERSION = YES;
				GCC_WARN_ABOUT_RETURN_TYPE = YES_ERROR;
				GCC_WARN_UNDECLARED_SELECTOR = YES;
				GCC_WARN_UNINITIALIZED_AUTOS = YES_AGGRESSIVE;
				GCC_WARN_UNUSED_FUNCTION = YES;
				GCC_WARN_UNUSED_VARIABLE = YES;
				IPHONEOS_DEPLOYMENT_TARGET = 10.3;
				MTL_ENABLE_DEBUG_INFO = NO;
				SDKROOT = iphoneos;
				SWIFT_OPTIMIZATION_LEVEL = "-Owholemodule";
				TARGETED_DEVICE_FAMILY = "1,2";
				VALIDATE_PRODUCT = YES;
			};
			name = Release;
		};
		D39ED8391E8F597100DFD03E /* Debug */ = {
			isa = XCBuildConfiguration;
			baseConfigurationReference = CF47DC683C8F2C5E49BC89C0 /* Pods-WeatherApp.debug.xcconfig */;
			buildSettings = {
				ASSETCATALOG_COMPILER_APPICON_NAME = AppIcon;
				DEVELOPMENT_TEAM = 2NBRDJWWYJ;
				INFOPLIST_FILE = WeatherApp/Info.plist;
				LD_RUNPATH_SEARCH_PATHS = "$(inherited) @executable_path/Frameworks";
				PRODUCT_BUNDLE_IDENTIFIER = com.TorchFire.WeatherApp;
				PRODUCT_NAME = "$(TARGET_NAME)";
				SWIFT_VERSION = 3.0;
			};
			name = Debug;
		};
		D39ED83A1E8F597100DFD03E /* Release */ = {
			isa = XCBuildConfiguration;
			baseConfigurationReference = 94D34A17B6B000F854B9F8D0 /* Pods-WeatherApp.release.xcconfig */;
			buildSettings = {
				ASSETCATALOG_COMPILER_APPICON_NAME = AppIcon;
				DEVELOPMENT_TEAM = 2NBRDJWWYJ;
				INFOPLIST_FILE = WeatherApp/Info.plist;
				LD_RUNPATH_SEARCH_PATHS = "$(inherited) @executable_path/Frameworks";
				PRODUCT_BUNDLE_IDENTIFIER = com.TorchFire.WeatherApp;
				PRODUCT_NAME = "$(TARGET_NAME)";
				SWIFT_VERSION = 3.0;
			};
			name = Release;
		};
/* End XCBuildConfiguration section */

/* Begin XCConfigurationList section */
		D39ED8211E8F597100DFD03E /* Build configuration list for PBXProject "WeatherApp" */ = {
			isa = XCConfigurationList;
			buildConfigurations = (
				D39ED8361E8F597100DFD03E /* Debug */,
				D39ED8371E8F597100DFD03E /* Release */,
			);
			defaultConfigurationIsVisible = 0;
			defaultConfigurationName = Release;
		};
		D39ED8381E8F597100DFD03E /* Build configuration list for PBXNativeTarget "WeatherApp" */ = {
			isa = XCConfigurationList;
			buildConfigurations = (
				D39ED8391E8F597100DFD03E /* Debug */,
				D39ED83A1E8F597100DFD03E /* Release */,
			);
			defaultConfigurationIsVisible = 0;
			defaultConfigurationName = Release;
		};
/* End XCConfigurationList section */
	};
	rootObject = D39ED81E1E8F597100DFD03E /* Project object */;
}
